
Microsoft Visual Studio Solution File, Format Version 12.00
# Visual Studio 15
VisualStudioVersion = 15.0.27428.2037
MinimumVisualStudioVersion = 10.0.40219.1
Project("{FAE04EC0-301F-11D3-BF4B-00C04F79EFBC}") = "notasMB", "notasMB\notasMB.csproj", "{F24B19EB-E0B7-4FA8-A041-6BC6BB8A8C73}"
EndProject
Global
	GlobalSection(SolutionConfigurationPlatforms) = preSolution
		Debug|Any CPU = Debug|Any CPU
		Release|Any CPU = Release|Any CPU
	EndGlobalSection
	GlobalSection(ProjectConfigurationPlatforms) = postSolution
		{F24B19EB-E0B7-4FA8-A041-6BC6BB8A8C73}.Debug|Any CPU.ActiveCfg = Debug|Any CPU
		{F24B19EB-E0B7-4FA8-A041-6BC6BB8A8C73}.Debug|Any CPU.Build.0 = Debug|Any CPU
		{F24B19EB-E0B7-4FA8-A041-6BC6BB8A8C73}.Release|Any CPU.ActiveCfg = Release|Any CPU
		{F24B19EB-E0B7-4FA8-A041-6BC6BB8A8C73}.Release|Any CPU.Build.0 = Release|Any CPU
	EndGlobalSection
	GlobalSection(SolutionProperties) = preSolution
		HideSolutionNode = FALSE
	EndGlobalSection
	GlobalSection(ExtensibilityGlobals) = postSolution
		SolutionGuid = {D9FE8867-588A-4366-9DEA-9BC2748F85F0}
	EndGlobalSection
EndGlobal
